
Microsoft Visual Studio Solution File, Format Version 12.00
# Visual Studio Version 16
VisualStudioVersion = 16.0.31729.503
MinimumVisualStudioVersion = 10.0.40219.1
Project("{8BC9CEB8-8B4A-11D0-8D11-00A0C91BC942}") = "Задание 5-5", "Задание 5-5.vcxproj", "{E10C454D-7C4E-4AF2-A630-3A20DF667D43}"
EndProject
Global
	GlobalSection(SolutionConfigurationPlatforms) = preSolution
		Debug|x64 = Debug|x64
		Debug|x86 = Debug|x86
		Release|x64 = Release|x64
		Release|x86 = Release|x86
	EndGlobalSection
	GlobalSection(ProjectConfigurationPlatforms) = postSolution
		{E10C454D-7C4E-4AF2-A630-3A20DF667D43}.Debug|x64.ActiveCfg = Debug|x64
		{E10C454D-7C4E-4AF2-A630-3A20DF667D43}.Debug|x64.Build.0 = Debug|x64
		{E10C454D-7C4E-4AF2-A630-3A20DF667D43}.Debug|x86.ActiveCfg = Debug|Win32
		{E10C454D-7C4E-4AF2-A630-3A20DF667D43}.Debug|x86.Build.0 = Debug|Win32
		{E10C454D-7C4E-4AF2-A630-3A20DF667D43}.Release|x64.ActiveCfg = Release|x64
		{E10C454D-7C4E-4AF2-A630-3A20DF667D43}.Release|x64.Build.0 = Release|x64
		{E10C454D-7C4E-4AF2-A630-3A20DF667D43}.Release|x86.ActiveCfg = Release|Win32
		{E10C454D-7C4E-4AF2-A630-3A20DF667D43}.Release|x86.Build.0 = Release|Win32
	EndGlobalSection
	GlobalSection(SolutionProperties) = preSolution
		HideSolutionNode = FALSE
	EndGlobalSection
	GlobalSection(ExtensibilityGlobals) = postSolution
		SolutionGuid = {163F31B2-20F4-40B9-9F1E-8C3375DA5676}
	EndGlobalSection
EndGlobal
